// !$*UTF8*$!
{
	archiveVersion = 1;
	classes = {
	};
	objectVersion = 51;
	objects = {

/* Begin PBXBuildFile section */
		474E987438E217323ED6DA14 /* Pods_RxDataSourcesDemo.framework in Frameworks */ = {isa = PBXBuildFile; fileRef = D6DEFE83E42440849DA81F0A /* Pods_RxDataSourcesDemo.framework */; };
		CC4B34E72652559800685A1B /* AppDelegate.swift in Sources */ = {isa = PBXBuildFile; fileRef = CC4B34E62652559800685A1B /* AppDelegate.swift */; };
		CC4B34E92652559800685A1B /* SceneDelegate.swift in Sources */ = {isa = PBXBuildFile; fileRef = CC4B34E82652559800685A1B /* SceneDelegate.swift */; };
		CC4B34EE2652559800685A1B /* Main.storyboard in Resources */ = {isa = PBXBuildFile; fileRef = CC4B34EC2652559800685A1B /* Main.storyboard */; };
		CC4B34F02652559900685A1B /* Assets.xcassets in Resources */ = {isa = PBXBuildFile; fileRef = CC4B34EF2652559900685A1B /* Assets.xcassets */; };
		CC4B34F32652559900685A1B /* LaunchScreen.storyboard in Resources */ = {isa = PBXBuildFile; fileRef = CC4B34F12652559900685A1B /* LaunchScreen.storyboard */; };
		CC4B34FF2652575B00685A1B /* TabBarViewController.swift in Sources */ = {isa = PBXBuildFile; fileRef = CC4B34FE2652575B00685A1B /* TabBarViewController.swift */; };
		CC4B35022652588600685A1B /* BasicViewController.swift in Sources */ = {isa = PBXBuildFile; fileRef = CC4B35002652588600685A1B /* BasicViewController.swift */; };
		CC4B35032652588600685A1B /* BasicViewController.xib in Resources */ = {isa = PBXBuildFile; fileRef = CC4B35012652588600685A1B /* BasicViewController.xib */; };
		CC4B3506265258DE00685A1B /* IntermediateViewController.swift in Sources */ = {isa = PBXBuildFile; fileRef = CC4B3504265258DE00685A1B /* IntermediateViewController.swift */; };
		CC4B3507265258DE00685A1B /* IntermediateViewController.xib in Resources */ = {isa = PBXBuildFile; fileRef = CC4B3505265258DE00685A1B /* IntermediateViewController.xib */; };
		CC4B350A265258ED00685A1B /* AdvancedViewController.swift in Sources */ = {isa = PBXBuildFile; fileRef = CC4B3508265258ED00685A1B /* AdvancedViewController.swift */; };
		CC4B350B265258ED00685A1B /* AdvancedViewController.xib in Resources */ = {isa = PBXBuildFile; fileRef = CC4B3509265258ED00685A1B /* AdvancedViewController.xib */; };
		CC4B351626525D1C00685A1B /* BasicViewModel.swift in Sources */ = {isa = PBXBuildFile; fileRef = CC4B351526525D1C00685A1B /* BasicViewModel.swift */; };
		CC4B351D265267F300685A1B /* IntermediateModel.swift in Sources */ = {isa = PBXBuildFile; fileRef = CC4B351C265267F300685A1B /* IntermediateModel.swift */; };
		CC4B351F2652681000685A1B /* IntermediateViewModel.swift in Sources */ = {isa = PBXBuildFile; fileRef = CC4B351E2652681000685A1B /* IntermediateViewModel.swift */; };
		CC4B353026526FC100685A1B /* IntermediateTableViewCell.swift in Sources */ = {isa = PBXBuildFile; fileRef = CC4B352E26526FC100685A1B /* IntermediateTableViewCell.swift */; };
		CC4B353126526FC100685A1B /* IntermediateTableViewCell.xib in Resources */ = {isa = PBXBuildFile; fileRef = CC4B352F26526FC100685A1B /* IntermediateTableViewCell.xib */; };
		CC4B35332652729900685A1B /* IntermediateItemViewModel.swift in Sources */ = {isa = PBXBuildFile; fileRef = CC4B35322652729900685A1B /* IntermediateItemViewModel.swift */; };
		CCC07822265353D200008954 /* IntermediateMoreViewController.swift in Sources */ = {isa = PBXBuildFile; fileRef = CCC07820265353D200008954 /* IntermediateMoreViewController.swift */; };
		CCC07823265353D200008954 /* IntermediateMoreViewController.xib in Resources */ = {isa = PBXBuildFile; fileRef = CCC07821265353D200008954 /* IntermediateMoreViewController.xib */; };
		CCC078252653542800008954 /* IntermediateMoreModel.swift in Sources */ = {isa = PBXBuildFile; fileRef = CCC078242653542800008954 /* IntermediateMoreModel.swift */; };
		CCC078272653543300008954 /* IntermediateMoreViewModel.swift in Sources */ = {isa = PBXBuildFile; fileRef = CCC078262653543300008954 /* IntermediateMoreViewModel.swift */; };
		CCC0782F2653550D00008954 /* IntermediateFirstTableViewCell.swift in Sources */ = {isa = PBXBuildFile; fileRef = CCC0782D2653550D00008954 /* IntermediateFirstTableViewCell.swift */; };
		CCC078302653550D00008954 /* IntermediateFirstTableViewCell.xib in Resources */ = {isa = PBXBuildFile; fileRef = CCC0782E2653550D00008954 /* IntermediateFirstTableViewCell.xib */; };
		CCC078332653551C00008954 /* IntermediateSecondTableViewCell.swift in Sources */ = {isa = PBXBuildFile; fileRef = CCC078312653551C00008954 /* IntermediateSecondTableViewCell.swift */; };
		CCC078342653551C00008954 /* IntermediateSecondTableViewCell.xib in Resources */ = {isa = PBXBuildFile; fileRef = CCC078322653551C00008954 /* IntermediateSecondTableViewCell.xib */; };
		CCC078372653552900008954 /* IntermediateThirdTableViewCell.swift in Sources */ = {isa = PBXBuildFile; fileRef = CCC078352653552900008954 /* IntermediateThirdTableViewCell.swift */; };
		CCC078382653552900008954 /* IntermediateThirdTableViewCell.xib in Resources */ = {isa = PBXBuildFile; fileRef = CCC078362653552900008954 /* IntermediateThirdTableViewCell.xib */; };
		CCF10149265602A600912EF0 /* AdvancedModel.swift in Sources */ = {isa = PBXBuildFile; fileRef = CCF10148265602A600912EF0 /* AdvancedModel.swift */; };
		CCF1014B265602B100912EF0 /* AdvancedViewModel.swift in Sources */ = {isa = PBXBuildFile; fileRef = CCF1014A265602B100912EF0 /* AdvancedViewModel.swift */; };
		CCF1014F265602E200912EF0 /* AdvancedFirstTableViewCell.swift in Sources */ = {isa = PBXBuildFile; fileRef = CCF1014D265602E200912EF0 /* AdvancedFirstTableViewCell.swift */; };
		CCF10150265602E200912EF0 /* AdvancedFirstTableViewCell.xib in Resources */ = {isa = PBXBuildFile; fileRef = CCF1014E265602E200912EF0 /* AdvancedFirstTableViewCell.xib */; };
		CCF10153265602F100912EF0 /* AdvancedSecondTableViewCell.swift in Sources */ = {isa = PBXBuildFile; fileRef = CCF10151265602F100912EF0 /* AdvancedSecondTableViewCell.swift */; };
		CCF10154265602F100912EF0 /* AdvancedSecondTableViewCell.xib in Resources */ = {isa = PBXBuildFile; fileRef = CCF10152265602F100912EF0 /* AdvancedSecondTableViewCell.xib */; };
		CCF101572656031400912EF0 /* AdvancedCollectionViewCell.swift in Sources */ = {isa = PBXBuildFile; fileRef = CCF101552656031400912EF0 /* AdvancedCollectionViewCell.swift */; };
		CCF101582656031400912EF0 /* AdvancedCollectionViewCell.xib in Resources */ = {isa = PBXBuildFile; fileRef = CCF101562656031400912EF0 /* AdvancedCollectionViewCell.xib */; };
		CCF1015B2656041A00912EF0 /* AdvancedTopTableViewCell.swift in Sources */ = {isa = PBXBuildFile; fileRef = CCF101592656041A00912EF0 /* AdvancedTopTableViewCell.swift */; };
		CCF1015C2656041A00912EF0 /* AdvancedTopTableViewCell.xib in Resources */ = {isa = PBXBuildFile; fileRef = CCF1015A2656041A00912EF0 /* AdvancedTopTableViewCell.xib */; };
/* End PBXBuildFile section */

/* Begin PBXFileReference section */
		7996C9A0F08384A732232C38 /* Pods-RxDataSourcesDemo.debug.xcconfig */ = {isa = PBXFileReference; includeInIndex = 1; lastKnownFileType = text.xcconfig; name = "Pods-RxDataSourcesDemo.debug.xcconfig"; path = "Target Support Files/Pods-RxDataSourcesDemo/Pods-RxDataSourcesDemo.debug.xcconfig"; sourceTree = "<group>"; };
		94CB5F27D131A565C4B04E22 /* Pods-RxDataSourcesDemo.release.xcconfig */ = {isa = PBXFileReference; includeInIndex = 1; lastKnownFileType = text.xcconfig; name = "Pods-RxDataSourcesDemo.release.xcconfig"; path = "Target Support Files/Pods-RxDataSourcesDemo/Pods-RxDataSourcesDemo.release.xcconfig"; sourceTree = "<group>"; };
		CC4B34E32652559800685A1B /* RxDataSourcesDemo.app */ = {isa = PBXFileReference; explicitFileType = wrapper.application; includeInIndex = 0; path = RxDataSourcesDemo.app; sourceTree = BUILT_PRODUCTS_DIR; };
		CC4B34E62652559800685A1B /* AppDelegate.swift */ = {isa = PBXFileReference; lastKnownFileType = sourcecode.swift; path = AppDelegate.swift; sourceTree = "<group>"; };
		CC4B34E82652559800685A1B /* SceneDelegate.swift */ = {isa = PBXFileReference; lastKnownFileType = sourcecode.swift; path = SceneDelegate.swift; sourceTree = "<group>"; };
		CC4B34ED2652559800685A1B /* Base */ = {isa = PBXFileReference; lastKnownFileType = file.storyboard; name = Base; path = Base.lproj/Main.storyboard; sourceTree = "<group>"; };
		CC4B34EF2652559900685A1B /* Assets.xcassets */ = {isa = PBXFileReference; lastKnownFileType = folder.assetcatalog; path = Assets.xcassets; sourceTree = "<group>"; };
		CC4B34F22652559900685A1B /* Base */ = {isa = PBXFileReference; lastKnownFileType = file.storyboard; name = Base; path = Base.lproj/LaunchScreen.storyboard; sourceTree = "<group>"; };
		CC4B34F42652559900685A1B /* Info.plist */ = {isa = PBXFileReference; lastKnownFileType = text.plist.xml; path = Info.plist; sourceTree = "<group>"; };
		CC4B34FE2652575B00685A1B /* TabBarViewController.swift */ = {isa = PBXFileReference; lastKnownFileType = sourcecode.swift; path = TabBarViewController.swift; sourceTree = "<group>"; };
		CC4B35002652588600685A1B /* BasicViewController.swift */ = {isa = PBXFileReference; lastKnownFileType = sourcecode.swift; path = BasicViewController.swift; sourceTree = "<group>"; };
		CC4B35012652588600685A1B /* BasicViewController.xib */ = {isa = PBXFileReference; lastKnownFileType = file.xib; path = BasicViewController.xib; sourceTree = "<group>"; };
		CC4B3504265258DE00685A1B /* IntermediateViewController.swift */ = {isa = PBXFileReference; lastKnownFileType = sourcecode.swift; path = IntermediateViewController.swift; sourceTree = "<group>"; };
		CC4B3505265258DE00685A1B /* IntermediateViewController.xib */ = {isa = PBXFileReference; lastKnownFileType = file.xib; path = IntermediateViewController.xib; sourceTree = "<group>"; };
		CC4B3508265258ED00685A1B /* AdvancedViewController.swift */ = {isa = PBXFileReference; lastKnownFileType = sourcecode.swift; path = AdvancedViewController.swift; sourceTree = "<group>"; };
		CC4B3509265258ED00685A1B /* AdvancedViewController.xib */ = {isa = PBXFileReference; lastKnownFileType = file.xib; path = AdvancedViewController.xib; sourceTree = "<group>"; };
		CC4B351526525D1C00685A1B /* BasicViewModel.swift */ = {isa = PBXFileReference; lastKnownFileType = sourcecode.swift; path = BasicViewModel.swift; sourceTree = "<group>"; };
		CC4B351C265267F300685A1B /* IntermediateModel.swift */ = {isa = PBXFileReference; lastKnownFileType = sourcecode.swift; path = IntermediateModel.swift; sourceTree = "<group>"; };
		CC4B351E2652681000685A1B /* IntermediateViewModel.swift */ = {isa = PBXFileReference; lastKnownFileType = sourcecode.swift; path = IntermediateViewModel.swift; sourceTree = "<group>"; };
		CC4B352E26526FC100685A1B /* IntermediateTableViewCell.swift */ = {isa = PBXFileReference; lastKnownFileType = sourcecode.swift; path = IntermediateTableViewCell.swift; sourceTree = "<group>"; };
		CC4B352F26526FC100685A1B /* IntermediateTableViewCell.xib */ = {isa = PBXFileReference; lastKnownFileType = file.xib; path = IntermediateTableViewCell.xib; sourceTree = "<group>"; };
		CC4B35322652729900685A1B /* IntermediateItemViewModel.swift */ = {isa = PBXFileReference; lastKnownFileType = sourcecode.swift; path = IntermediateItemViewModel.swift; sourceTree = "<group>"; };
		CCC07820265353D200008954 /* IntermediateMoreViewController.swift */ = {isa = PBXFileReference; lastKnownFileType = sourcecode.swift; path = IntermediateMoreViewController.swift; sourceTree = "<group>"; };
		CCC07821265353D200008954 /* IntermediateMoreViewController.xib */ = {isa = PBXFileReference; lastKnownFileType = file.xib; path = IntermediateMoreViewController.xib; sourceTree = "<group>"; };
		CCC078242653542800008954 /* IntermediateMoreModel.swift */ = {isa = PBXFileReference; lastKnownFileType = sourcecode.swift; path = IntermediateMoreModel.swift; sourceTree = "<group>"; };
		CCC078262653543300008954 /* IntermediateMoreViewModel.swift */ = {isa = PBXFileReference; lastKnownFileType = sourcecode.swift; path = IntermediateMoreViewModel.swift; sourceTree = "<group>"; };
		CCC0782D2653550D00008954 /* IntermediateFirstTableViewCell.swift */ = {isa = PBXFileReference; lastKnownFileType = sourcecode.swift; path = IntermediateFirstTableViewCell.swift; sourceTree = "<group>"; };
		CCC0782E2653550D00008954 /* IntermediateFirstTableViewCell.xib */ = {isa = PBXFileReference; lastKnownFileType = file.xib; path = IntermediateFirstTableViewCell.xib; sourceTree = "<group>"; };
		CCC078312653551C00008954 /* IntermediateSecondTableViewCell.swift */ = {isa = PBXFileReference; lastKnownFileType = sourcecode.swift; path = IntermediateSecondTableViewCell.swift; sourceTree = "<group>"; };
		CCC078322653551C00008954 /* IntermediateSecondTableViewCell.xib */ = {isa = PBXFileReference; lastKnownFileType = file.xib; path = IntermediateSecondTableViewCell.xib; sourceTree = "<group>"; };
		CCC078352653552900008954 /* IntermediateThirdTableViewCell.swift */ = {isa = PBXFileReference; lastKnownFileType = sourcecode.swift; path = IntermediateThirdTableViewCell.swift; sourceTree = "<group>"; };
		CCC078362653552900008954 /* IntermediateThirdTableViewCell.xib */ = {isa = PBXFileReference; lastKnownFileType = file.xib; path = IntermediateThirdTableViewCell.xib; sourceTree = "<group>"; };
		CCF10148265602A600912EF0 /* AdvancedModel.swift */ = {isa = PBXFileReference; lastKnownFileType = sourcecode.swift; path = AdvancedModel.swift; sourceTree = "<group>"; };
		CCF1014A265602B100912EF0 /* AdvancedViewModel.swift */ = {isa = PBXFileReference; lastKnownFileType = sourcecode.swift; path = AdvancedViewModel.swift; sourceTree = "<group>"; };
		CCF1014D265602E200912EF0 /* AdvancedFirstTableViewCell.swift */ = {isa = PBXFileReference; lastKnownFileType = sourcecode.swift; path = AdvancedFirstTableViewCell.swift; sourceTree = "<group>"; };
		CCF1014E265602E200912EF0 /* AdvancedFirstTableViewCell.xib */ = {isa = PBXFileReference; lastKnownFileType = file.xib; path = AdvancedFirstTableViewCell.xib; sourceTree = "<group>"; };
		CCF10151265602F100912EF0 /* AdvancedSecondTableViewCell.swift */ = {isa = PBXFileReference; lastKnownFileType = sourcecode.swift; path = AdvancedSecondTableViewCell.swift; sourceTree = "<group>"; };
		CCF10152265602F100912EF0 /* AdvancedSecondTableViewCell.xib */ = {isa = PBXFileReference; lastKnownFileType = file.xib; path = AdvancedSecondTableViewCell.xib; sourceTree = "<group>"; };
		CCF101552656031400912EF0 /* AdvancedCollectionViewCell.swift */ = {isa = PBXFileReference; lastKnownFileType = sourcecode.swift; path = AdvancedCollectionViewCell.swift; sourceTree = "<group>"; };
		CCF101562656031400912EF0 /* AdvancedCollectionViewCell.xib */ = {isa = PBXFileReference; lastKnownFileType = file.xib; path = AdvancedCollectionViewCell.xib; sourceTree = "<group>"; };
		CCF101592656041A00912EF0 /* AdvancedTopTableViewCell.swift */ = {isa = PBXFileReference; lastKnownFileType = sourcecode.swift; path = AdvancedTopTableViewCell.swift; sourceTree = "<group>"; };
		CCF1015A2656041A00912EF0 /* AdvancedTopTableViewCell.xib */ = {isa = PBXFileReference; lastKnownFileType = file.xib; path = AdvancedTopTableViewCell.xib; sourceTree = "<group>"; };
		D6DEFE83E42440849DA81F0A /* Pods_RxDataSourcesDemo.framework */ = {isa = PBXFileReference; explicitFileType = wrapper.framework; includeInIndex = 0; path = Pods_RxDataSourcesDemo.framework; sourceTree = BUILT_PRODUCTS_DIR; };
/* End PBXFileReference section */

/* Begin PBXFrameworksBuildPhase section */
		CC4B34E02652559800685A1B /* Frameworks */ = {
			isa = PBXFrameworksBuildPhase;
			buildActionMask = 2147483647;
			files = (
				474E987438E217323ED6DA14 /* Pods_RxDataSourcesDemo.framework in Frameworks */,
			);
			runOnlyForDeploymentPostprocessing = 0;
		};
/* End PBXFrameworksBuildPhase section */

/* Begin PBXGroup section */
		81932A4EB784AC582C5DFBE3 /* Pods */ = {
			isa = PBXGroup;
			children = (
				7996C9A0F08384A732232C38 /* Pods-RxDataSourcesDemo.debug.xcconfig */,
				94CB5F27D131A565C4B04E22 /* Pods-RxDataSourcesDemo.release.xcconfig */,
			);
			path = Pods;
			sourceTree = "<group>";
		};
		CC4B34DA2652559800685A1B = {
			isa = PBXGroup;
			children = (
				CC4B34E52652559800685A1B /* RxDataSourcesDemo */,
				CC4B34E42652559800685A1B /* Products */,
				81932A4EB784AC582C5DFBE3 /* Pods */,
				FC8496CBF4A6C315767C80E7 /* Frameworks */,
			);
			sourceTree = "<group>";
		};
		CC4B34E42652559800685A1B /* Products */ = {
			isa = PBXGroup;
			children = (
				CC4B34E32652559800685A1B /* RxDataSourcesDemo.app */,
			);
			name = Products;
			sourceTree = "<group>";
		};
		CC4B34E52652559800685A1B /* RxDataSourcesDemo */ = {
			isa = PBXGroup;
			children = (
				CC4B34FD265256AD00685A1B /* Base */,
				CC4B34FA2652568700685A1B /* Basic */,
				CC4B34FB2652569000685A1B /* Intermediate */,
				CCC0781C2653532200008954 /* Intermediate_more */,
				CC4B34FC2652569A00685A1B /* Advanced */,
				CC4B34E62652559800685A1B /* AppDelegate.swift */,
				CC4B34E82652559800685A1B /* SceneDelegate.swift */,
				CC4B34EC2652559800685A1B /* Main.storyboard */,
				CC4B34EF2652559900685A1B /* Assets.xcassets */,
				CC4B34F12652559900685A1B /* LaunchScreen.storyboard */,
				CC4B34F42652559900685A1B /* Info.plist */,
			);
			path = RxDataSourcesDemo;
			sourceTree = "<group>";
		};
		CC4B34FA2652568700685A1B /* Basic */ = {
			isa = PBXGroup;
			children = (
				CC4B351126525CE600685A1B /* View */,
				CC4B351026525CDB00685A1B /* ViewModel */,
			);
			path = Basic;
			sourceTree = "<group>";
		};
		CC4B34FB2652569000685A1B /* Intermediate */ = {
			isa = PBXGroup;
			children = (
				CC4B351B265267CA00685A1B /* Model */,
				CC4B351A265267C000685A1B /* ViewModel */,
				CC4B3519265267BA00685A1B /* View */,
			);
			path = Intermediate;
			sourceTree = "<group>";
		};
		CC4B34FC2652569A00685A1B /* Advanced */ = {
			isa = PBXGroup;
			children = (
				CCF101472656028400912EF0 /* View */,
				CCF101462656027F00912EF0 /* Model */,
				CCF101452656027900912EF0 /* ViewModel */,
			);
			path = Advanced;
			sourceTree = "<group>";
		};
		CC4B34FD265256AD00685A1B /* Base */ = {
			isa = PBXGroup;
			children = (
				CC4B34FE2652575B00685A1B /* TabBarViewController.swift */,
			);
			path = Base;
			sourceTree = "<group>";
		};
		CC4B351026525CDB00685A1B /* ViewModel */ = {
			isa = PBXGroup;
			children = (
				CC4B351526525D1C00685A1B /* BasicViewModel.swift */,
			);
			path = ViewModel;
			sourceTree = "<group>";
		};
		CC4B351126525CE600685A1B /* View */ = {
			isa = PBXGroup;
			children = (
				CC4B35002652588600685A1B /* BasicViewController.swift */,
				CC4B35012652588600685A1B /* BasicViewController.xib */,
			);
			path = View;
			sourceTree = "<group>";
		};
		CC4B3519265267BA00685A1B /* View */ = {
			isa = PBXGroup;
			children = (
				CC4B3504265258DE00685A1B /* IntermediateViewController.swift */,
				CC4B3505265258DE00685A1B /* IntermediateViewController.xib */,
				CC4B352D26526FAD00685A1B /* SupportView */,
			);
			path = View;
			sourceTree = "<group>";
		};
		CC4B351A265267C000685A1B /* ViewModel */ = {
			isa = PBXGroup;
			children = (
				CC4B351E2652681000685A1B /* IntermediateViewModel.swift */,
				CC4B35322652729900685A1B /* IntermediateItemViewModel.swift */,
			);
			path = ViewModel;
			sourceTree = "<group>";
		};
		CC4B351B265267CA00685A1B /* Model */ = {
			isa = PBXGroup;
			children = (
				CC4B351C265267F300685A1B /* IntermediateModel.swift */,
			);
			path = Model;
			sourceTree = "<group>";
		};
		CC4B352D26526FAD00685A1B /* SupportView */ = {
			isa = PBXGroup;
			children = (
				CC4B352E26526FC100685A1B /* IntermediateTableViewCell.swift */,
				CC4B352F26526FC100685A1B /* IntermediateTableViewCell.xib */,
			);
			path = SupportView;
			sourceTree = "<group>";
		};
		CCC0781C2653532200008954 /* Intermediate_more */ = {
			isa = PBXGroup;
			children = (
				CCC0781D2653533A00008954 /* View */,
				CCC0781F2653534400008954 /* Model */,
				CCC0781E2653533E00008954 /* ViewModel */,
			);
			path = Intermediate_more;
			sourceTree = "<group>";
		};
		CCC0781D2653533A00008954 /* View */ = {
			isa = PBXGroup;
			children = (
				CCC07820265353D200008954 /* IntermediateMoreViewController.swift */,
				CCC07821265353D200008954 /* IntermediateMoreViewController.xib */,
				CCC07828265354D800008954 /* SupportView */,
			);
			path = View;
			sourceTree = "<group>";
		};
		CCC0781E2653533E00008954 /* ViewModel */ = {
			isa = PBXGroup;
			children = (
				CCC078262653543300008954 /* IntermediateMoreViewModel.swift */,
			);
			path = ViewModel;
			sourceTree = "<group>";
		};
		CCC0781F2653534400008954 /* Model */ = {
			isa = PBXGroup;
			children = (
				CCC078242653542800008954 /* IntermediateMoreModel.swift */,
			);
			path = Model;
			sourceTree = "<group>";
		};
		CCC07828265354D800008954 /* SupportView */ = {
			isa = PBXGroup;
			children = (
				CCC0782D2653550D00008954 /* IntermediateFirstTableViewCell.swift */,
				CCC0782E2653550D00008954 /* IntermediateFirstTableViewCell.xib */,
				CCC078312653551C00008954 /* IntermediateSecondTableViewCell.swift */,
				CCC078322653551C00008954 /* IntermediateSecondTableViewCell.xib */,
				CCC078352653552900008954 /* IntermediateThirdTableViewCell.swift */,
				CCC078362653552900008954 /* IntermediateThirdTableViewCell.xib */,
			);
			path = SupportView;
			sourceTree = "<group>";
		};
		CCF101452656027900912EF0 /* ViewModel */ = {
			isa = PBXGroup;
			children = (
				CCF1014A265602B100912EF0 /* AdvancedViewModel.swift */,
			);
			path = ViewModel;
			sourceTree = "<group>";
		};
		CCF101462656027F00912EF0 /* Model */ = {
			isa = PBXGroup;
			children = (
				CCF10148265602A600912EF0 /* AdvancedModel.swift */,
			);
			path = Model;
			sourceTree = "<group>";
		};
		CCF101472656028400912EF0 /* View */ = {
			isa = PBXGroup;
			children = (
				CC4B3508265258ED00685A1B /* AdvancedViewController.swift */,
				CC4B3509265258ED00685A1B /* AdvancedViewController.xib */,
				CCF1014C265602B600912EF0 /* SupportView */,
			);
			path = View;
			sourceTree = "<group>";
		};
		CCF1014C265602B600912EF0 /* SupportView */ = {
			isa = PBXGroup;
			children = (
				CCF101592656041A00912EF0 /* AdvancedTopTableViewCell.swift */,
				CCF1015A2656041A00912EF0 /* AdvancedTopTableViewCell.xib */,
				CCF101552656031400912EF0 /* AdvancedCollectionViewCell.swift */,
				CCF101562656031400912EF0 /* AdvancedCollectionViewCell.xib */,
				CCF1014D265602E200912EF0 /* AdvancedFirstTableViewCell.swift */,
				CCF1014E265602E200912EF0 /* AdvancedFirstTableViewCell.xib */,
				CCF10151265602F100912EF0 /* AdvancedSecondTableViewCell.swift */,
				CCF10152265602F100912EF0 /* AdvancedSecondTableViewCell.xib */,
			);
			path = SupportView;
			sourceTree = "<group>";
		};
		FC8496CBF4A6C315767C80E7 /* Frameworks */ = {
			isa = PBXGroup;
			children = (
				D6DEFE83E42440849DA81F0A /* Pods_RxDataSourcesDemo.framework */,
			);
			name = Frameworks;
			sourceTree = "<group>";
		};
/* End PBXGroup section */

/* Begin PBXNativeTarget section */
		CC4B34E22652559800685A1B /* RxDataSourcesDemo */ = {
			isa = PBXNativeTarget;
			buildConfigurationList = CC4B34F72652559900685A1B /* Build configuration list for PBXNativeTarget "RxDataSourcesDemo" */;
			buildPhases = (
				A20E0558EBB16349CCF81520 /* [CP] Check Pods Manifest.lock */,
				CC4B34DF2652559800685A1B /* Sources */,
				CC4B34E02652559800685A1B /* Frameworks */,
				CC4B34E12652559800685A1B /* Resources */,
				7DA284E127D79AE2D2E84A1E /* [CP] Embed Pods Frameworks */,
			);
			buildRules = (
			);
			dependencies = (
			);
			name = RxDataSourcesDemo;
			productName = RxDataSourcesDemo;
			productReference = CC4B34E32652559800685A1B /* RxDataSourcesDemo.app */;
			productType = "com.apple.product-type.application";
		};
/* End PBXNativeTarget section */

/* Begin PBXProject section */
		CC4B34DB2652559800685A1B /* Project object */ = {
			isa = PBXProject;
			attributes = {
				LastSwiftUpdateCheck = 1250;
				LastUpgradeCheck = 1250;
				TargetAttributes = {
					CC4B34E22652559800685A1B = {
						CreatedOnToolsVersion = 12.5;
					};
				};
			};
			buildConfigurationList = CC4B34DE2652559800685A1B /* Build configuration list for PBXProject "RxDataSourcesDemo" */;
			compatibilityVersion = "Xcode 9.3";
			developmentRegion = en;
			hasScannedForEncodings = 0;
			knownRegions = (
				en,
				Base,
			);
			mainGroup = CC4B34DA2652559800685A1B;
			productRefGroup = CC4B34E42652559800685A1B /* Products */;
			projectDirPath = "";
			projectRoot = "";
			targets = (
				CC4B34E22652559800685A1B /* RxDataSourcesDemo */,
			);
		};
/* End PBXProject section */

/* Begin PBXResourcesBuildPhase section */
		CC4B34E12652559800685A1B /* Resources */ = {
			isa = PBXResourcesBuildPhase;
			buildActionMask = 2147483647;
			files = (
				CCC07823265353D200008954 /* IntermediateMoreViewController.xib in Resources */,
				CC4B34F32652559900685A1B /* LaunchScreen.storyboard in Resources */,
				CCC078342653551C00008954 /* IntermediateSecondTableViewCell.xib in Resources */,
				CC4B3507265258DE00685A1B /* IntermediateViewController.xib in Resources */,
				CCF10150265602E200912EF0 /* AdvancedFirstTableViewCell.xib in Resources */,
				CCC078382653552900008954 /* IntermediateThirdTableViewCell.xib in Resources */,
				CCF101582656031400912EF0 /* AdvancedCollectionViewCell.xib in Resources */,
				CCC078302653550D00008954 /* IntermediateFirstTableViewCell.xib in Resources */,
				CCF1015C2656041A00912EF0 /* AdvancedTopTableViewCell.xib in Resources */,
				CC4B350B265258ED00685A1B /* AdvancedViewController.xib in Resources */,
				CCF10154265602F100912EF0 /* AdvancedSecondTableViewCell.xib in Resources */,
				CC4B35032652588600685A1B /* BasicViewController.xib in Resources */,
				CC4B353126526FC100685A1B /* IntermediateTableViewCell.xib in Resources */,
				CC4B34F02652559900685A1B /* Assets.xcassets in Resources */,
				CC4B34EE2652559800685A1B /* Main.storyboard in Resources */,
			);
			runOnlyForDeploymentPostprocessing = 0;
		};
/* End PBXResourcesBuildPhase section */

/* Begin PBXShellScriptBuildPhase section */
		7DA284E127D79AE2D2E84A1E /* [CP] Embed Pods Frameworks */ = {
			isa = PBXShellScriptBuildPhase;
			buildActionMask = 2147483647;
			files = (
			);
			inputFileListPaths = (
				"${PODS_ROOT}/Target Support Files/Pods-RxDataSourcesDemo/Pods-RxDataSourcesDemo-frameworks-${CONFIGURATION}-input-files.xcfilelist",
			);
			name = "[CP] Embed Pods Frameworks";
			outputFileListPaths = (
				"${PODS_ROOT}/Target Support Files/Pods-RxDataSourcesDemo/Pods-RxDataSourcesDemo-frameworks-${CONFIGURATION}-output-files.xcfilelist",
			);
			runOnlyForDeploymentPostprocessing = 0;
			shellPath = /bin/sh;
			shellScript = "\"${PODS_ROOT}/Target Support Files/Pods-RxDataSourcesDemo/Pods-RxDataSourcesDemo-frameworks.sh\"\n";
			showEnvVarsInLog = 0;
		};
		A20E0558EBB16349CCF81520 /* [CP] Check Pods Manifest.lock */ = {
			isa = PBXShellScriptBuildPhase;
			buildActionMask = 2147483647;
			files = (
			);
			inputFileListPaths = (
			);
			inputPaths = (
				"${PODS_PODFILE_DIR_PATH}/Podfile.lock",
				"${PODS_ROOT}/Manifest.lock",
			);
			name = "[CP] Check Pods Manifest.lock";
			outputFileListPaths = (
			);
			outputPaths = (
				"$(DERIVED_FILE_DIR)/Pods-RxDataSourcesDemo-checkManifestLockResult.txt",
			);
			runOnlyForDeploymentPostprocessing = 0;
			shellPath = /bin/sh;
			shellScript = "diff \"${PODS_PODFILE_DIR_PATH}/Podfile.lock\" \"${PODS_ROOT}/Manifest.lock\" > /dev/null\nif [ $? != 0 ] ; then\n    # print error to STDERR\n    echo \"error: The sandbox is not in sync with the Podfile.lock. Run 'pod install' or update your CocoaPods installation.\" >&2\n    exit 1\nfi\n# This output is used by Xcode 'outputs' to avoid re-running this script phase.\necho \"SUCCESS\" > \"${SCRIPT_OUTPUT_FILE_0}\"\n";
			showEnvVarsInLog = 0;
		};
/* End PBXShellScriptBuildPhase section */

/* Begin PBXSourcesBuildPhase section */
		CC4B34DF2652559800685A1B /* Sources */ = {
			isa = PBXSourcesBuildPhase;
			buildActionMask = 2147483647;
			files = (
				CCF1014F265602E200912EF0 /* AdvancedFirstTableViewCell.swift in Sources */,
				CCC078252653542800008954 /* IntermediateMoreModel.swift in Sources */,
				CCC07822265353D200008954 /* IntermediateMoreViewController.swift in Sources */,
				CC4B351626525D1C00685A1B /* BasicViewModel.swift in Sources */,
				CC4B34E72652559800685A1B /* AppDelegate.swift in Sources */,
				CCC078272653543300008954 /* IntermediateMoreViewModel.swift in Sources */,
				CCC0782F2653550D00008954 /* IntermediateFirstTableViewCell.swift in Sources */,
				CC4B35022652588600685A1B /* BasicViewController.swift in Sources */,
				CCF1014B265602B100912EF0 /* AdvancedViewModel.swift in Sources */,
				CC4B34FF2652575B00685A1B /* TabBarViewController.swift in Sources */,
				CC4B353026526FC100685A1B /* IntermediateTableViewCell.swift in Sources */,
				CCC078372653552900008954 /* IntermediateThirdTableViewCell.swift in Sources */,
				CC4B34E92652559800685A1B /* SceneDelegate.swift in Sources */,
				CCC078332653551C00008954 /* IntermediateSecondTableViewCell.swift in Sources */,
				CC4B350A265258ED00685A1B /* AdvancedViewController.swift in Sources */,
				CCF10153265602F100912EF0 /* AdvancedSecondTableViewCell.swift in Sources */,
				CCF101572656031400912EF0 /* AdvancedCollectionViewCell.swift in Sources */,
				CC4B351D265267F300685A1B /* IntermediateModel.swift in Sources */,
				CC4B3506265258DE00685A1B /* IntermediateViewController.swift in Sources */,
				CCF10149265602A600912EF0 /* AdvancedModel.swift in Sources */,
				CCF1015B2656041A00912EF0 /* AdvancedTopTableViewCell.swift in Sources */,
				CC4B35332652729900685A1B /* IntermediateItemViewModel.swift in Sources */,
				CC4B351F2652681000685A1B /* IntermediateViewModel.swift in Sources */,
			);
			runOnlyForDeploymentPostprocessing = 0;
		};
/* End PBXSourcesBuildPhase section */

/* Begin PBXVariantGroup section */
		CC4B34EC2652559800685A1B /* Main.storyboard */ = {
			isa = PBXVariantGroup;
			children = (
				CC4B34ED2652559800685A1B /* Base */,
			);
			name = Main.storyboard;
			sourceTree = "<group>";
		};
		CC4B34F12652559900685A1B /* LaunchScreen.storyboard */ = {
			isa = PBXVariantGroup;
			children = (
				CC4B34F22652559900685A1B /* Base */,
			);
			name = LaunchScreen.storyboard;
			sourceTree = "<group>";
		};
/* End PBXVariantGroup section */

/* Begin XCBuildConfiguration section */
		CC4B34F52652559900685A1B /* Debug */ = {
			isa = XCBuildConfiguration;
			buildSettings = {
				ALWAYS_SEARCH_USER_PATHS = NO;
				CLANG_ANALYZER_NONNULL = YES;
				CLANG_ANALYZER_NUMBER_OBJECT_CONVERSION = YES_AGGRESSIVE;
				CLANG_CXX_LANGUAGE_STANDARD = "gnu++14";
				CLANG_CXX_LIBRARY = "libc++";
				CLANG_ENABLE_MODULES = YES;
				CLANG_ENABLE_OBJC_ARC = YES;
				CLANG_ENABLE_OBJC_WEAK = YES;
				CLANG_WARN_BLOCK_CAPTURE_AUTORELEASING = YES;
				CLANG_WARN_BOOL_CONVERSION = YES;
				CLANG_WARN_COMMA = YES;
				CLANG_WARN_CONSTANT_CONVERSION = YES;
				CLANG_WARN_DEPRECATED_OBJC_IMPLEMENTATIONS = YES;
				CLANG_WARN_DIRECT_OBJC_ISA_USAGE = YES_ERROR;
				CLANG_WARN_DOCUMENTATION_COMMENTS = YES;
				CLANG_WARN_EMPTY_BODY = YES;
				CLANG_WARN_ENUM_CONVERSION = YES;
				CLANG_WARN_INFINITE_RECURSION = YES;
				CLANG_WARN_INT_CONVERSION = YES;
				CLANG_WARN_NON_LITERAL_NULL_CONVERSION = YES;
				CLANG_WARN_OBJC_IMPLICIT_RETAIN_SELF = YES;
				CLANG_WARN_OBJC_LITERAL_CONVERSION = YES;
				CLANG_WARN_OBJC_ROOT_CLASS = YES_ERROR;
				CLANG_WARN_QUOTED_INCLUDE_IN_FRAMEWORK_HEADER = YES;
				CLANG_WARN_RANGE_LOOP_ANALYSIS = YES;
				CLANG_WARN_STRICT_PROTOTYPES = YES;
				CLANG_WARN_SUSPICIOUS_MOVE = YES;
				CLANG_WARN_UNGUARDED_AVAILABILITY = YES_AGGRESSIVE;
				CLANG_WARN_UNREACHABLE_CODE = YES;
				CLANG_WARN__DUPLICATE_METHOD_MATCH = YES;
				COPY_PHASE_STRIP = NO;
				DEBUG_INFORMATION_FORMAT = dwarf;
				ENABLE_STRICT_OBJC_MSGSEND = YES;
				ENABLE_TESTABILITY = YES;
				GCC_C_LANGUAGE_STANDARD = gnu11;
				GCC_DYNAMIC_NO_PIC = NO;
				GCC_NO_COMMON_BLOCKS = YES;
				GCC_OPTIMIZATION_LEVEL = 0;
				GCC_PREPROCESSOR_DEFINITIONS = (
					"DEBUG=1",
					"$(inherited)",
				);
				GCC_WARN_64_TO_32_BIT_CONVERSION = YES;
				GCC_WARN_ABOUT_RETURN_TYPE = YES_ERROR;
				GCC_WARN_UNDECLARED_SELECTOR = YES;
				GCC_WARN_UNINITIALIZED_AUTOS = YES_AGGRESSIVE;
				GCC_WARN_UNUSED_FUNCTION = YES;
				GCC_WARN_UNUSED_VARIABLE = YES;
				IPHONEOS_DEPLOYMENT_TARGET = 14.5;
				MTL_ENABLE_DEBUG_INFO = INCLUDE_SOURCE;
				MTL_FAST_MATH = YES;
				ONLY_ACTIVE_ARCH = YES;
				SDKROOT = iphoneos;
				SWIFT_ACTIVE_COMPILATION_CONDITIONS = DEBUG;
				SWIFT_OPTIMIZATION_LEVEL = "-Onone";
			};
			name = Debug;
		};
		CC4B34F62652559900685A1B /* Release */ = {
			isa = XCBuildConfiguration;
			buildSettings = {
				ALWAYS_SEARCH_USER_PATHS = NO;
				CLANG_ANALYZER_NONNULL = YES;
				CLANG_ANALYZER_NUMBER_OBJECT_CONVERSION = YES_AGGRESSIVE;
				CLANG_CXX_LANGUAGE_STANDARD = "gnu++14";
				CLANG_CXX_LIBRARY = "libc++";
				CLANG_ENABLE_MODULES = YES;
				CLANG_ENABLE_OBJC_ARC = YES;
				CLANG_ENABLE_OBJC_WEAK = YES;
				CLANG_WARN_BLOCK_CAPTURE_AUTORELEASING = YES;
				CLANG_WARN_BOOL_CONVERSION = YES;
				CLANG_WARN_COMMA = YES;
				CLANG_WARN_CONSTANT_CONVERSION = YES;
				CLANG_WARN_DEPRECATED_OBJC_IMPLEMENTATIONS = YES;
				CLANG_WARN_DIRECT_OBJC_ISA_USAGE = YES_ERROR;
				CLANG_WARN_DOCUMENTATION_COMMENTS = YES;
				CLANG_WARN_EMPTY_BODY = YES;
				CLANG_WARN_ENUM_CONVERSION = YES;
				CLANG_WARN_INFINITE_RECURSION = YES;
				CLANG_WARN_INT_CONVERSION = YES;
				CLANG_WARN_NON_LITERAL_NULL_CONVERSION = YES;
				CLANG_WARN_OBJC_IMPLICIT_RETAIN_SELF = YES;
				CLANG_WARN_OBJC_LITERAL_CONVERSION = YES;
				CLANG_WARN_OBJC_ROOT_CLASS = YES_ERROR;
				CLANG_WARN_QUOTED_INCLUDE_IN_FRAMEWORK_HEADER = YES;
				CLANG_WARN_RANGE_LOOP_ANALYSIS = YES;
				CLANG_WARN_STRICT_PROTOTYPES = YES;
				CLANG_WARN_SUSPICIOUS_MOVE = YES;
				CLANG_WARN_UNGUARDED_AVAILABILITY = YES_AGGRESSIVE;
				CLANG_WARN_UNREACHABLE_CODE = YES;
				CLANG_WARN__DUPLICATE_METHOD_MATCH = YES;
				COPY_PHASE_STRIP = NO;
				DEBUG_INFORMATION_FORMAT = "dwarf-with-dsym";
				ENABLE_NS_ASSERTIONS = NO;
				ENABLE_STRICT_OBJC_MSGSEND = YES;
				GCC_C_LANGUAGE_STANDARD = gnu11;
				GCC_NO_COMMON_BLOCKS = YES;
				GCC_WARN_64_TO_32_BIT_CONVERSION = YES;
				GCC_WARN_ABOUT_RETURN_TYPE = YES_ERROR;
				GCC_WARN_UNDECLARED_SELECTOR = YES;
				GCC_WARN_UNINITIALIZED_AUTOS = YES_AGGRESSIVE;
				GCC_WARN_UNUSED_FUNCTION = YES;
				GCC_WARN_UNUSED_VARIABLE = YES;
				IPHONEOS_DEPLOYMENT_TARGET = 14.5;
				MTL_ENABLE_DEBUG_INFO = NO;
				MTL_FAST_MATH = YES;
				SDKROOT = iphoneos;
				SWIFT_COMPILATION_MODE = wholemodule;
				SWIFT_OPTIMIZATION_LEVEL = "-O";
				VALIDATE_PRODUCT = YES;
			};
			name = Release;
		};
		CC4B34F82652559900685A1B /* Debug */ = {
			isa = XCBuildConfiguration;
			baseConfigurationReference = 7996C9A0F08384A732232C38 /* Pods-RxDataSourcesDemo.debug.xcconfig */;
			buildSettings = {
				ASSETCATALOG_COMPILER_APPICON_NAME = AppIcon;
				ASSETCATALOG_COMPILER_GLOBAL_ACCENT_COLOR_NAME = AccentColor;
				CODE_SIGN_STYLE = Automatic;
				DEVELOPMENT_TEAM = 653TUFJ9Y7;
				INFOPLIST_FILE = RxDataSourcesDemo/Info.plist;
				LD_RUNPATH_SEARCH_PATHS = (
					"$(inherited)",
					"@executable_path/Frameworks",
				);
				PRODUCT_BUNDLE_IDENTIFIER = com.ayeon.RxDataSourcesDemo;
				PRODUCT_NAME = "$(TARGET_NAME)";
				SWIFT_VERSION = 5.0;
				TARGETED_DEVICE_FAMILY = "1,2";
			};
			name = Debug;
		};
		CC4B34F92652559900685A1B /* Release */ = {
			isa = XCBuildConfiguration;
			baseConfigurationReference = 94CB5F27D131A565C4B04E22 /* Pods-RxDataSourcesDemo.release.xcconfig */;
			buildSettings = {
				ASSETCATALOG_COMPILER_APPICON_NAME = AppIcon;
				ASSETCATALOG_COMPILER_GLOBAL_ACCENT_COLOR_NAME = AccentColor;
				CODE_SIGN_STYLE = Automatic;
				DEVELOPMENT_TEAM = 653TUFJ9Y7;
				INFOPLIST_FILE = RxDataSourcesDemo/Info.plist;
				LD_RUNPATH_SEARCH_PATHS = (
					"$(inherited)",
					"@executable_path/Frameworks",
				);
				PRODUCT_BUNDLE_IDENTIFIER = com.ayeon.RxDataSourcesDemo;
				PRODUCT_NAME = "$(TARGET_NAME)";
				SWIFT_VERSION = 5.0;
				TARGETED_DEVICE_FAMILY = "1,2";
			};
			name = Release;
		};
/* End XCBuildConfiguration section */

/* Begin XCConfigurationList section */
		CC4B34DE2652559800685A1B /* Build configuration list for PBXProject "RxDataSourcesDemo" */ = {
			isa = XCConfigurationList;
			buildConfigurations = (
				CC4B34F52652559900685A1B /* Debug */,
				CC4B34F62652559900685A1B /* Release */,
			);
			defaultConfigurationIsVisible = 0;
			defaultConfigurationName = Release;
		};
		CC4B34F72652559900685A1B /* Build configuration list for PBXNativeTarget "RxDataSourcesDemo" */ = {
			isa = XCConfigurationList;
			buildConfigurations = (
				CC4B34F82652559900685A1B /* Debug */,
				CC4B34F92652559900685A1B /* Release */,
			);
			defaultConfigurationIsVisible = 0;
			defaultConfigurationName = Release;
		};
/* End XCConfigurationList section */
	};
	rootObject = CC4B34DB2652559800685A1B /* Project object */;
}
